
Microsoft Visual Studio Solution File, Format Version 12.00
Project("{FAE04EC0-301F-11D3-BF4B-00C04F79EFBC}") = "DocLibrary", "DocLibrary\DocLibrary.csproj", "{91C4374D-0FF2-4703-8E24-732220BE0773}"
EndProject
Global
	GlobalSection(SolutionConfigurationPlatforms) = preSolution
		Debug|Any CPU = Debug|Any CPU
		Release|Any CPU = Release|Any CPU
	EndGlobalSection
	GlobalSection(ProjectConfigurationPlatforms) = postSolution
		{91C4374D-0FF2-4703-8E24-732220BE0773}.Debug|Any CPU.ActiveCfg = Debug|Any CPU
		{91C4374D-0FF2-4703-8E24-732220BE0773}.Debug|Any CPU.Build.0 = Debug|Any CPU
		{91C4374D-0FF2-4703-8E24-732220BE0773}.Release|Any CPU.ActiveCfg = Release|Any CPU
		{91C4374D-0FF2-4703-8E24-732220BE0773}.Release|Any CPU.Build.0 = Release|Any CPU
	EndGlobalSection
EndGlobal
